
Microsoft Visual Studio Solution File, Format Version 12.00
# Visual Studio Express 15 for Windows Desktop
VisualStudioVersion = 15.0.28307.136
MinimumVisualStudioVersion = 10.0.40219.1
Project("{FAE04EC0-301F-11D3-BF4B-00C04F79EFBC}") = "Plugin_Test", "Plugin_Test\Plugin_Test.csproj", "{EB72E7DD-843E-48B2-8F38-69EE3C1975E2}"
EndProject
Project("{FAE04EC0-301F-11D3-BF4B-00C04F79EFBC}") = "UnitTestProject", "UnitTestProject\UnitTestProject.csproj", "{30F88CAC-7AC8-493F-8F59-75B2C2B736BF}"
EndProject
Global
	GlobalSection(SolutionConfigurationPlatforms) = preSolution
		Debug|Any CPU = Debug|Any CPU
		Release|Any CPU = Release|Any CPU
	EndGlobalSection
	GlobalSection(ProjectConfigurationPlatforms) = postSolution
		{EB72E7DD-843E-48B2-8F38-69EE3C1975E2}.Debug|Any CPU.ActiveCfg = Debug|Any CPU
		{EB72E7DD-843E-48B2-8F38-69EE3C1975E2}.Debug|Any CPU.Build.0 = Debug|Any CPU
		{EB72E7DD-843E-48B2-8F38-69EE3C1975E2}.Release|Any CPU.ActiveCfg = Release|Any CPU
		{EB72E7DD-843E-48B2-8F38-69EE3C1975E2}.Release|Any CPU.Build.0 = Release|Any CPU
		{30F88CAC-7AC8-493F-8F59-75B2C2B736BF}.Debug|Any CPU.ActiveCfg = Debug|Any CPU
		{30F88CAC-7AC8-493F-8F59-75B2C2B736BF}.Debug|Any CPU.Build.0 = Debug|Any CPU
		{30F88CAC-7AC8-493F-8F59-75B2C2B736BF}.Release|Any CPU.ActiveCfg = Release|Any CPU
		{30F88CAC-7AC8-493F-8F59-75B2C2B736BF}.Release|Any CPU.Build.0 = Release|Any CPU
	EndGlobalSection
	GlobalSection(SolutionProperties) = preSolution
		HideSolutionNode = FALSE
	EndGlobalSection
	GlobalSection(ExtensibilityGlobals) = postSolution
		SolutionGuid = {82F789FD-FD13-4EBA-BC6F-9BA9B7143D76}
	EndGlobalSection
EndGlobal
